
Microsoft Visual Studio Solution File, Format Version 12.00
# Visual Studio 2013
VisualStudioVersion = 12.0.21005.1
MinimumVisualStudioVersion = 10.0.40219.1
Project("{FAE04EC0-301F-11D3-BF4B-00C04F79EFBC}") = "Calculator", "Calculator\Calculator.csproj", "{632DB988-D52E-4119-AD3B-D311A476935D}"
EndProject
Global
	GlobalSection(SolutionConfigurationPlatforms) = preSolution
		Debug|Any CPU = Debug|Any CPU
		Release|Any CPU = Release|Any CPU
	EndGlobalSection
	GlobalSection(ProjectConfigurationPlatforms) = postSolution
		{632DB988-D52E-4119-AD3B-D311A476935D}.Debug|Any CPU.ActiveCfg = Debug|Any CPU
		{632DB988-D52E-4119-AD3B-D311A476935D}.Debug|Any CPU.Build.0 = Debug|Any CPU
		{632DB988-D52E-4119-AD3B-D311A476935D}.Release|Any CPU.ActiveCfg = Release|Any CPU
		{632DB988-D52E-4119-AD3B-D311A476935D}.Release|Any CPU.Build.0 = Release|Any CPU
	EndGlobalSection
	GlobalSection(SolutionProperties) = preSolution
		HideSolutionNode = FALSE
	EndGlobalSection
EndGlobal
